
Microsoft Visual Studio Solution File, Format Version 12.00
# Visual Studio 15
VisualStudioVersion = 15.0.26730.3
MinimumVisualStudioVersion = 10.0.40219.1
Project("{9A19103F-16F7-4668-BE54-9A1E7A4F7556}") = "MutliThreadDesignPattern", "MutliThreadDesignPattern\MutliThreadDesignPattern.csproj", "{6E8898E8-CE18-4634-853B-8197685FCC35}"
EndProject
Project("{9A19103F-16F7-4668-BE54-9A1E7A4F7556}") = "_01_SingleThreadedExecution", "_01_SingleThreadedExecution\_01_SingleThreadedExecution.csproj", "{A45CC56D-E841-40C7-B1D9-2F74D78C9247}"
EndProject
Project("{9A19103F-16F7-4668-BE54-9A1E7A4F7556}") = "_02_Immutable", "_02_Immutable\_02_Immutable.csproj", "{FF68B7E1-411B-4E19-8ED5-5911652A13EF}"
EndProject
Project("{9A19103F-16F7-4668-BE54-9A1E7A4F7556}") = "_03_GuardedSuspension", "_03_GuardedSuspension\_03_GuardedSuspension.csproj", "{035C831D-9B5D-412F-AF59-82705B9D573D}"
EndProject
Project("{9A19103F-16F7-4668-BE54-9A1E7A4F7556}") = "_04_Balking", "_04_Balking\_04_Balking.csproj", "{CBCB39C3-5083-401C-A80D-3995309C6A9D}"
EndProject
Project("{9A19103F-16F7-4668-BE54-9A1E7A4F7556}") = "_05_Producer_Consumer", "_05_Producer-Consumer\_05_Producer_Consumer.csproj", "{8DAFFCB6-4202-4325-856E-4773A8B9EA07}"
EndProject
Project("{9A19103F-16F7-4668-BE54-9A1E7A4F7556}") = "_06_Read_Write_Lock", "_06_Read_Write_ Lock\_06_Read_Write_Lock.csproj", "{79169552-1FD8-47F3-B013-E1635B56D7AA}"
EndProject
Project("{9A19103F-16F7-4668-BE54-9A1E7A4F7556}") = "_07_Thread_Per_Message", "_07_Thread_Per_Message\_07_Thread_Per_Message.csproj", "{BEED0AB4-824D-4EC7-A72A-211F0DC6E6CF}"
EndProject
Project("{FAE04EC0-301F-11D3-BF4B-00C04F79EFBC}") = "_08_WorkerThread", "_08_WorkerThread\_08_WorkerThread.csproj", "{F1C1CD9C-EB01-42D6-8800-FCC9386AC0C9}"
EndProject
Global
	GlobalSection(SolutionConfigurationPlatforms) = preSolution
		Debug|Any CPU = Debug|Any CPU
		Release|Any CPU = Release|Any CPU
	EndGlobalSection
	GlobalSection(ProjectConfigurationPlatforms) = postSolution
		{6E8898E8-CE18-4634-853B-8197685FCC35}.Debug|Any CPU.ActiveCfg = Debug|Any CPU
		{6E8898E8-CE18-4634-853B-8197685FCC35}.Debug|Any CPU.Build.0 = Debug|Any CPU
		{6E8898E8-CE18-4634-853B-8197685FCC35}.Release|Any CPU.ActiveCfg = Release|Any CPU
		{6E8898E8-CE18-4634-853B-8197685FCC35}.Release|Any CPU.Build.0 = Release|Any CPU
		{A45CC56D-E841-40C7-B1D9-2F74D78C9247}.Debug|Any CPU.ActiveCfg = Debug|Any CPU
		{A45CC56D-E841-40C7-B1D9-2F74D78C9247}.Debug|Any CPU.Build.0 = Debug|Any CPU
		{A45CC56D-E841-40C7-B1D9-2F74D78C9247}.Release|Any CPU.ActiveCfg = Release|Any CPU
		{A45CC56D-E841-40C7-B1D9-2F74D78C9247}.Release|Any CPU.Build.0 = Release|Any CPU
		{FF68B7E1-411B-4E19-8ED5-5911652A13EF}.Debug|Any CPU.ActiveCfg = Debug|Any CPU
		{FF68B7E1-411B-4E19-8ED5-5911652A13EF}.Debug|Any CPU.Build.0 = Debug|Any CPU
		{FF68B7E1-411B-4E19-8ED5-5911652A13EF}.Release|Any CPU.ActiveCfg = Release|Any CPU
		{FF68B7E1-411B-4E19-8ED5-5911652A13EF}.Release|Any CPU.Build.0 = Release|Any CPU
		{035C831D-9B5D-412F-AF59-82705B9D573D}.Debug|Any CPU.ActiveCfg = Debug|Any CPU
		{035C831D-9B5D-412F-AF59-82705B9D573D}.Debug|Any CPU.Build.0 = Debug|Any CPU
		{035C831D-9B5D-412F-AF59-82705B9D573D}.Release|Any CPU.ActiveCfg = Release|Any CPU
		{035C831D-9B5D-412F-AF59-82705B9D573D}.Release|Any CPU.Build.0 = Release|Any CPU
		{CBCB39C3-5083-401C-A80D-3995309C6A9D}.Debug|Any CPU.ActiveCfg = Debug|Any CPU
		{CBCB39C3-5083-401C-A80D-3995309C6A9D}.Debug|Any CPU.Build.0 = Debug|Any CPU
		{CBCB39C3-5083-401C-A80D-3995309C6A9D}.Release|Any CPU.ActiveCfg = Release|Any CPU
		{CBCB39C3-5083-401C-A80D-3995309C6A9D}.Release|Any CPU.Build.0 = Release|Any CPU
		{8DAFFCB6-4202-4325-856E-4773A8B9EA07}.Debug|Any CPU.ActiveCfg = Debug|Any CPU
		{8DAFFCB6-4202-4325-856E-4773A8B9EA07}.Debug|Any CPU.Build.0 = Debug|Any CPU
		{8DAFFCB6-4202-4325-856E-4773A8B9EA07}.Release|Any CPU.ActiveCfg = Release|Any CPU
		{8DAFFCB6-4202-4325-856E-4773A8B9EA07}.Release|Any CPU.Build.0 = Release|Any CPU
		{79169552-1FD8-47F3-B013-E1635B56D7AA}.Debug|Any CPU.ActiveCfg = Debug|Any CPU
		{79169552-1FD8-47F3-B013-E1635B56D7AA}.Debug|Any CPU.Build.0 = Debug|Any CPU
		{79169552-1FD8-47F3-B013-E1635B56D7AA}.Release|Any CPU.ActiveCfg = Release|Any CPU
		{79169552-1FD8-47F3-B013-E1635B56D7AA}.Release|Any CPU.Build.0 = Release|Any CPU
		{BEED0AB4-824D-4EC7-A72A-211F0DC6E6CF}.Debug|Any CPU.ActiveCfg = Debug|Any CPU
		{BEED0AB4-824D-4EC7-A72A-211F0DC6E6CF}.Debug|Any CPU.Build.0 = Debug|Any CPU
		{BEED0AB4-824D-4EC7-A72A-211F0DC6E6CF}.Release|Any CPU.ActiveCfg = Release|Any CPU
		{BEED0AB4-824D-4EC7-A72A-211F0DC6E6CF}.Release|Any CPU.Build.0 = Release|Any CPU
		{F1C1CD9C-EB01-42D6-8800-FCC9386AC0C9}.Debug|Any CPU.ActiveCfg = Debug|Any CPU
		{F1C1CD9C-EB01-42D6-8800-FCC9386AC0C9}.Debug|Any CPU.Build.0 = Debug|Any CPU
		{F1C1CD9C-EB01-42D6-8800-FCC9386AC0C9}.Release|Any CPU.ActiveCfg = Release|Any CPU
		{F1C1CD9C-EB01-42D6-8800-FCC9386AC0C9}.Release|Any CPU.Build.0 = Release|Any CPU
	EndGlobalSection
	GlobalSection(SolutionProperties) = preSolution
		HideSolutionNode = FALSE
	EndGlobalSection
	GlobalSection(ExtensibilityGlobals) = postSolution
		SolutionGuid = {58EE16C9-FD04-4F7C-A74E-01D3A03FD136}
	EndGlobalSection
EndGlobal
